<Solution>
  <Folder Name="/Solution Items/" />
  <Project Path="libs/V12.basic/libs/V12/V12.csproj" />
  <Project Path="libs/V12.Basic/V12.Basic.csproj" />
  <Project Path="libs/V12.Monogame/V12.Monogame.DX/V12.Monogame.DX.csproj" />
  <Project Path="libs/V12.Monogame/V12.Monogame.GL/V12.Monogame.GL.csproj" />
  <Project Path="libs/V12.Monogame/V12.Monogame/V12.Monogame.csproj" />
  <Project Path="libs/V12.Pak/V12.Pak.csproj" />
  <Project Path="Scramble.csproj" />
</Solution>
